Microsoft Visual Studio Solution File, Format Version 12.00
# Visual Studio Version 17
VisualStudioVersion = 17.5.2.0
MinimumVisualStudioVersion = 10.0.40219.1
Project("{FAE04EC0-301F-11D3-BF4B-00C04F79EFBC}") = "ComicWebApp.API", "ComicWebApp.API.csproj", "{656D22FC-AAC4-5C04-2302-1BBB7E4BA0E4}"
EndProject
Global
	GlobalSection(SolutionConfigurationPlatforms) = preSolution
		Debug|Any CPU = Debug|Any CPU
		Release|Any CPU = Release|Any CPU
	EndGlobalSection
	GlobalSection(ProjectConfigurationPlatforms) = postSolution
		{656D22FC-AAC4-5C04-2302-1BBB7E4BA0E4}.Debug|Any CPU.ActiveCfg = Debug|Any CPU
		{656D22FC-AAC4-5C04-2302-1BBB7E4BA0E4}.Debug|Any CPU.Build.0 = Debug|Any CPU
		{656D22FC-AAC4-5C04-2302-1BBB7E4BA0E4}.Release|Any CPU.ActiveCfg = Release|Any CPU
		{656D22FC-AAC4-5C04-2302-1BBB7E4BA0E4}.Release|Any CPU.Build.0 = Release|Any CPU
	EndGlobalSection
	GlobalSection(SolutionProperties) = preSolution
		HideSolutionNode = FALSE
	EndGlobalSection
	GlobalSection(ExtensibilityGlobals) = postSolution
		SolutionGuid = {C98A82C4-055D-4C9D-B759-9D389D5E421E}
	EndGlobalSection
EndGlobal
