
Microsoft Visual Studio Solution File, Format Version 12.00
# Visual Studio Version 17
VisualStudioVersion = 17.0.31903.59
MinimumVisualStudioVersion = 10.0.40219.1
Project("{FAE04EC0-301F-11D3-BF4B-00C04F79EFBC}") = "ComicWebApp.API", "ComicWebApp.API\ComicWebApp.API.csproj", "{572065BC-B3EB-4292-B48F-7088AABBBF3B}"
EndProject
Project("{FAE04EC0-301F-11D3-BF4B-00C04F79EFBC}") = "ComicWebApp.DAL", "ComicWebApp.DAL\ComicWebApp.DAL.csproj", "{F13FA309-0C72-4A00-8395-F96A4FEB1E3E}"
EndProject
Project("{FAE04EC0-301F-11D3-BF4B-00C04F79EFBC}") = "ComicWebApp.Shared", "ComicWebApp.Shared\ComicWebApp.Shared.csproj", "{EAA5C32D-A32A-4A0F-B79D-6573C39C994E}"
EndProject
Project("{FAE04EC0-301F-11D3-BF4B-00C04F79EFBC}") = "ComicWebApp.BLL", "ComicWebApp.BLL\ComicWebApp.BLL.csproj", "{BBD7893E-B340-4156-B4A1-E017914DC900}"
EndProject
Global
	GlobalSection(SolutionConfigurationPlatforms) = preSolution
		Debug|Any CPU = Debug|Any CPU
		Release|Any CPU = Release|Any CPU
	EndGlobalSection
	GlobalSection(ProjectConfigurationPlatforms) = postSolution
		{572065BC-B3EB-4292-B48F-7088AABBBF3B}.Debug|Any CPU.ActiveCfg = Debug|Any CPU
		{572065BC-B3EB-4292-B48F-7088AABBBF3B}.Debug|Any CPU.Build.0 = Debug|Any CPU
		{572065BC-B3EB-4292-B48F-7088AABBBF3B}.Release|Any CPU.ActiveCfg = Release|Any CPU
		{572065BC-B3EB-4292-B48F-7088AABBBF3B}.Release|Any CPU.Build.0 = Release|Any CPU
		{F13FA309-0C72-4A00-8395-F96A4FEB1E3E}.Debug|Any CPU.ActiveCfg = Debug|Any CPU
		{F13FA309-0C72-4A00-8395-F96A4FEB1E3E}.Debug|Any CPU.Build.0 = Debug|Any CPU
		{F13FA309-0C72-4A00-8395-F96A4FEB1E3E}.Release|Any CPU.ActiveCfg = Release|Any CPU
		{F13FA309-0C72-4A00-8395-F96A4FEB1E3E}.Release|Any CPU.Build.0 = Release|Any CPU
		{EAA5C32D-A32A-4A0F-B79D-6573C39C994E}.Debug|Any CPU.ActiveCfg = Debug|Any CPU
		{EAA5C32D-A32A-4A0F-B79D-6573C39C994E}.Debug|Any CPU.Build.0 = Debug|Any CPU
		{EAA5C32D-A32A-4A0F-B79D-6573C39C994E}.Release|Any CPU.ActiveCfg = Release|Any CPU
		{EAA5C32D-A32A-4A0F-B79D-6573C39C994E}.Release|Any CPU.Build.0 = Release|Any CPU
		{BBD7893E-B340-4156-B4A1-E017914DC900}.Debug|Any CPU.ActiveCfg = Debug|Any CPU
		{BBD7893E-B340-4156-B4A1-E017914DC900}.Debug|Any CPU.Build.0 = Debug|Any CPU
		{BBD7893E-B340-4156-B4A1-E017914DC900}.Release|Any CPU.ActiveCfg = Release|Any CPU
		{BBD7893E-B340-4156-B4A1-E017914DC900}.Release|Any CPU.Build.0 = Release|Any CPU
	EndGlobalSection
	GlobalSection(SolutionProperties) = preSolution
		HideSolutionNode = FALSE
	EndGlobalSection
EndGlobal
